// !$*UTF8*$!
{
	archiveVersion = 1;
	classes = {
	};
	objectVersion = 46;
	objects = {

/* Begin PBXBuildFile section */
		142B52A1194C498100C148CF /* Foundation.framework in Frameworks */ = {isa = PBXBuildFile; fileRef = 142B52A0194C498100C148CF /* Foundation.framework */; };
		142B52A3194C498100C148CF /* CoreGraphics.framework in Frameworks */ = {isa = PBXBuildFile; fileRef = 142B52A2194C498100C148CF /* CoreGraphics.framework */; };
		142B52A5194C498100C148CF /* UIKit.framework in Frameworks */ = {isa = PBXBuildFile; fileRef = 142B52A4194C498100C148CF /* UIKit.framework */; };
		142B52AB194C498100C148CF /* InfoPlist.strings in Resources */ = {isa = PBXBuildFile; fileRef = 142B52A9194C498100C148CF /* InfoPlist.strings */; };
		142B52AD194C498100C148CF /* main.m in Sources */ = {isa = PBXBuildFile; fileRef = 142B52AC194C498100C148CF /* main.m */; };
		142B52B1194C498100C148CF /* SKAppDelegate.m in Sources */ = {isa = PBXBuildFile; fileRef = 142B52B0194C498100C148CF /* SKAppDelegate.m */; };
		142B52B4194C498100C148CF /* Main.storyboard in Resources */ = {isa = PBXBuildFile; fileRef = 142B52B2194C498100C148CF /* Main.storyboard */; };
		142B52BC194C498100C148CF /* Images.xcassets in Resources */ = {isa = PBXBuildFile; fileRef = 142B52BB194C498100C148CF /* Images.xcassets */; };
		142B52C3194C498100C148CF /* XCTest.framework in Frameworks */ = {isa = PBXBuildFile; fileRef = 142B52C2194C498100C148CF /* XCTest.framework */; };
		142B52C4194C498100C148CF /* Foundation.framework in Frameworks */ = {isa = PBXBuildFile; fileRef = 142B52A0194C498100C148CF /* Foundation.framework */; };
		142B52C5194C498100C148CF /* UIKit.framework in Frameworks */ = {isa = PBXBuildFile; fileRef = 142B52A4194C498100C148CF /* UIKit.framework */; };
		142B52CD194C498100C148CF /* InfoPlist.strings in Resources */ = {isa = PBXBuildFile; fileRef = 142B52CB194C498100C148CF /* InfoPlist.strings */; };
		142B52CF194C498100C148CF /* mbrace_Case_StudyTests.m in Sources */ = {isa = PBXBuildFile; fileRef = 142B52CE194C498100C148CF /* mbrace_Case_StudyTests.m */; };
		142B52D9194C4D2E00C148CF /* Podfile in Resources */ = {isa = PBXBuildFile; fileRef = 142B52D8194C4D2E00C148CF /* Podfile */; };
		142B52DC194C51CA00C148CF /* SKCardSelectionViewController.m in Sources */ = {isa = PBXBuildFile; fileRef = 142B52DB194C51CA00C148CF /* SKCardSelectionViewController.m */; };
		3F5086463E06463584695040 /* libPods-mbrace Case Study.a in Frameworks */ = {isa = PBXBuildFile; fileRef = 8B492ED5632F4C5E8B7D9A6B /* libPods-mbrace Case Study.a */; };
/* End PBXBuildFile section */

/* Begin PBXContainerItemProxy section */
		142B52C6194C498100C148CF /* PBXContainerItemProxy */ = {
			isa = PBXContainerItemProxy;
			containerPortal = 142B5295194C498000C148CF /* Project object */;
			proxyType = 1;
			remoteGlobalIDString = 142B529C194C498000C148CF;
			remoteInfo = "mbrace Case Study";
		};
/* End PBXContainerItemProxy section */

/* Begin PBXFileReference section */
		142B529D194C498100C148CF /* mbrace Case Study.app */ = {isa = PBXFileReference; explicitFileType = wrapper.application; includeInIndex = 0; path = "mbrace Case Study.app"; sourceTree = BUILT_PRODUCTS_DIR; };
		142B52A0194C498100C148CF /* Foundation.framework */ = {isa = PBXFileReference; lastKnownFileType = wrapper.framework; name = Foundation.framework; path = System/Library/Frameworks/Foundation.framework; sourceTree = SDKROOT; };
		142B52A2194C498100C148CF /* CoreGraphics.framework */ = {isa = PBXFileReference; lastKnownFileType = wrapper.framework; name = CoreGraphics.framework; path = System/Library/Frameworks/CoreGraphics.framework; sourceTree = SDKROOT; };
		142B52A4194C498100C148CF /* UIKit.framework */ = {isa = PBXFileReference; lastKnownFileType = wrapper.framework; name = UIKit.framework; path = System/Library/Frameworks/UIKit.framework; sourceTree = SDKROOT; };
		142B52A8194C498100C148CF /* mbrace Case Study-Info.plist */ = {isa = PBXFileReference; lastKnownFileType = text.plist.xml; path = "mbrace Case Study-Info.plist"; sourceTree = "<group>"; };
		142B52AA194C498100C148CF /* en */ = {isa = PBXFileReference; lastKnownFileType = text.plist.strings; name = en; path = en.lproj/InfoPlist.strings; sourceTree = "<group>"; };
		142B52AC194C498100C148CF /* main.m */ = {isa = PBXFileReference; lastKnownFileType = sourcecode.c.objc; path = main.m; sourceTree = "<group>"; };
		142B52AE194C498100C148CF /* mbrace Case Study-Prefix.pch */ = {isa = PBXFileReference; lastKnownFileType = sourcecode.c.h; path = "mbrace Case Study-Prefix.pch"; sourceTree = "<group>"; };
		142B52AF194C498100C148CF /* SKAppDelegate.h */ = {isa = PBXFileReference; lastKnownFileType = sourcecode.c.h; path = SKAppDelegate.h; sourceTree = "<group>"; };
		142B52B0194C498100C148CF /* SKAppDelegate.m */ = {isa = PBXFileReference; lastKnownFileType = sourcecode.c.objc; path = SKAppDelegate.m; sourceTree = "<group>"; };
		142B52B3194C498100C148CF /* Base */ = {isa = PBXFileReference; lastKnownFileType = file.storyboard; name = Base; path = Base.lproj/Main.storyboard; sourceTree = "<group>"; };
		142B52BB194C498100C148CF /* Images.xcassets */ = {isa = PBXFileReference; lastKnownFileType = folder.assetcatalog; path = Images.xcassets; sourceTree = "<group>"; };
		142B52C1194C498100C148CF /* mbrace Case StudyTests.xctest */ = {isa = PBXFileReference; explicitFileType = wrapper.cfbundle; includeInIndex = 0; path = "mbrace Case StudyTests.xctest"; sourceTree = BUILT_PRODUCTS_DIR; };
		142B52C2194C498100C148CF /* XCTest.framework */ = {isa = PBXFileReference; lastKnownFileType = wrapper.framework; name = XCTest.framework; path = Library/Frameworks/XCTest.framework; sourceTree = DEVELOPER_DIR; };
		142B52CA194C498100C148CF /* mbrace Case StudyTests-Info.plist */ = {isa = PBXFileReference; lastKnownFileType = text.plist.xml; path = "mbrace Case StudyTests-Info.plist"; sourceTree = "<group>"; };
		142B52CC194C498100C148CF /* en */ = {isa = PBXFileReference; lastKnownFileType = text.plist.strings; name = en; path = en.lproj/InfoPlist.strings; sourceTree = "<group>"; };
		142B52CE194C498100C148CF /* mbrace_Case_StudyTests.m */ = {isa = PBXFileReference; lastKnownFileType = sourcecode.c.objc; path = mbrace_Case_StudyTests.m; sourceTree = "<group>"; };
		142B52D8194C4D2E00C148CF /* Podfile */ = {isa = PBXFileReference; fileEncoding = 4; lastKnownFileType = text; path = Podfile; sourceTree = "<group>"; };
		142B52DA194C51CA00C148CF /* SKCardSelectionViewController.h */ = {isa = PBXFileReference; fileEncoding = 4; lastKnownFileType = sourcecode.c.h; path = SKCardSelectionViewController.h; sourceTree = "<group>"; };
		142B52DB194C51CA00C148CF /* SKCardSelectionViewController.m */ = {isa = PBXFileReference; fileEncoding = 4; lastKnownFileType = sourcecode.c.objc; path = SKCardSelectionViewController.m; sourceTree = "<group>"; };
		35F1703E144944539D2C4789 /* Pods-mbrace Case Study.xcconfig */ = {isa = PBXFileReference; includeInIndex = 1; lastKnownFileType = text.xcconfig; name = "Pods-mbrace Case Study.xcconfig"; path = "mbrace Case Study/Pods/Pods-mbrace Case Study.xcconfig"; sourceTree = "<group>"; };
		8B492ED5632F4C5E8B7D9A6B /* libPods-mbrace Case Study.a */ = {isa = PBXFileReference; explicitFileType = archive.ar; includeInIndex = 0; path = "libPods-mbrace Case Study.a"; sourceTree = BUILT_PRODUCTS_DIR; };
/* End PBXFileReference section */

/* Begin PBXFrameworksBuildPhase section */
		142B529A194C498000C148CF /* Frameworks */ = {
			isa = PBXFrameworksBuildPhase;
			buildActionMask = 2147483647;
			files = (
				142B52A3194C498100C148CF /* CoreGraphics.framework in Frameworks */,
				142B52A5194C498100C148CF /* UIKit.framework in Frameworks */,
				142B52A1194C498100C148CF /* Foundation.framework in Frameworks */,
				3F5086463E06463584695040 /* libPods-mbrace Case Study.a in Frameworks */,
			);
			runOnlyForDeploymentPostprocessing = 0;
		};
		142B52BE194C498100C148CF /* Frameworks */ = {
			isa = PBXFrameworksBuildPhase;
			buildActionMask = 2147483647;
			files = (
				142B52C3194C498100C148CF /* XCTest.framework in Frameworks */,
				142B52C5194C498100C148CF /* UIKit.framework in Frameworks */,
				142B52C4194C498100C148CF /* Foundation.framework in Frameworks */,
			);
			runOnlyForDeploymentPostprocessing = 0;
		};
/* End PBXFrameworksBuildPhase section */

/* Begin PBXGroup section */
		142B5294194C498000C148CF = {
			isa = PBXGroup;
			children = (
				142B52A6194C498100C148CF /* mbrace Case Study */,
				142B52C8194C498100C148CF /* mbrace Case StudyTests */,
				142B529F194C498100C148CF /* Frameworks */,
				142B529E194C498100C148CF /* Products */,
				35F1703E144944539D2C4789 /* Pods-mbrace Case Study.xcconfig */,
			);
			sourceTree = "<group>";
		};
		142B529E194C498100C148CF /* Products */ = {
			isa = PBXGroup;
			children = (
				142B529D194C498100C148CF /* mbrace Case Study.app */,
				142B52C1194C498100C148CF /* mbrace Case StudyTests.xctest */,
			);
			name = Products;
			sourceTree = "<group>";
		};
		142B529F194C498100C148CF /* Frameworks */ = {
			isa = PBXGroup;
			children = (
				142B52A0194C498100C148CF /* Foundation.framework */,
				142B52A2194C498100C148CF /* CoreGraphics.framework */,
				142B52A4194C498100C148CF /* UIKit.framework */,
				142B52C2194C498100C148CF /* XCTest.framework */,
				8B492ED5632F4C5E8B7D9A6B /* libPods-mbrace Case Study.a */,
			);
			name = Frameworks;
			sourceTree = "<group>";
		};
		142B52A6194C498100C148CF /* mbrace Case Study */ = {
			isa = PBXGroup;
			children = (
				142B52AF194C498100C148CF /* SKAppDelegate.h */,
				142B52B0194C498100C148CF /* SKAppDelegate.m */,
				142B52B2194C498100C148CF /* Main.storyboard */,
				142B52DA194C51CA00C148CF /* SKCardSelectionViewController.h */,
				142B52DB194C51CA00C148CF /* SKCardSelectionViewController.m */,
				142B52BB194C498100C148CF /* Images.xcassets */,
				142B52A7194C498100C148CF /* Supporting Files */,
			);
			path = "mbrace Case Study";
			sourceTree = "<group>";
		};
		142B52A7194C498100C148CF /* Supporting Files */ = {
			isa = PBXGroup;
			children = (
				142B52D8194C4D2E00C148CF /* Podfile */,
				142B52A8194C498100C148CF /* mbrace Case Study-Info.plist */,
				142B52A9194C498100C148CF /* InfoPlist.strings */,
				142B52AC194C498100C148CF /* main.m */,
				142B52AE194C498100C148CF /* mbrace Case Study-Prefix.pch */,
			);
			name = "Supporting Files";
			sourceTree = "<group>";
		};
		142B52C8194C498100C148CF /* mbrace Case StudyTests */ = {
			isa = PBXGroup;
			children = (
				142B52CE194C498100C148CF /* mbrace_Case_StudyTests.m */,
				142B52C9194C498100C148CF /* Supporting Files */,
			);
			path = "mbrace Case StudyTests";
			sourceTree = "<group>";
		};
		142B52C9194C498100C148CF /* Supporting Files */ = {
			isa = PBXGroup;
			children = (
				142B52CA194C498100C148CF /* mbrace Case StudyTests-Info.plist */,
				142B52CB194C498100C148CF /* InfoPlist.strings */,
			);
			name = "Supporting Files";
			sourceTree = "<group>";
		};
/* End PBXGroup section */

/* Begin PBXNativeTarget section */
		142B529C194C498000C148CF /* mbrace Case Study */ = {
			isa = PBXNativeTarget;
			buildConfigurationList = 142B52D2194C498100C148CF /* Build configuration list for PBXNativeTarget "mbrace Case Study" */;
			buildPhases = (
				69723358A81B4F739A02704C /* Check Pods Manifest.lock */,
				142B5299194C498000C148CF /* Sources */,
				142B529A194C498000C148CF /* Frameworks */,
				142B529B194C498000C148CF /* Resources */,
				4B2A63A2090344CA955FFBAF /* Copy Pods Resources */,
			);
			buildRules = (
			);
			dependencies = (
			);
			name = "mbrace Case Study";
			productName = "mbrace Case Study";
			productReference = 142B529D194C498100C148CF /* mbrace Case Study.app */;
			productType = "com.apple.product-type.application";
		};
		142B52C0194C498100C148CF /* mbrace Case StudyTests */ = {
			isa = PBXNativeTarget;
			buildConfigurationList = 142B52D5194C498100C148CF /* Build configuration list for PBXNativeTarget "mbrace Case StudyTests" */;
			buildPhases = (
				142B52BD194C498100C148CF /* Sources */,
				142B52BE194C498100C148CF /* Frameworks */,
				142B52BF194C498100C148CF /* Resources */,
			);
			buildRules = (
			);
			dependencies = (
				142B52C7194C498100C148CF /* PBXTargetDependency */,
			);
			name = "mbrace Case StudyTests";
			productName = "mbrace Case StudyTests";
			productReference = 142B52C1194C498100C148CF /* mbrace Case StudyTests.xctest */;
			productType = "com.apple.product-type.bundle.unit-test";
		};
/* End PBXNativeTarget section */

/* Begin PBXProject section */
		142B5295194C498000C148CF /* Project object */ = {
			isa = PBXProject;
			attributes = {
				CLASSPREFIX = SK;
				LastUpgradeCheck = 0510;
				ORGANIZATIONNAME = "http://simone.kalb.it";
				TargetAttributes = {
					142B52C0194C498100C148CF = {
						TestTargetID = 142B529C194C498000C148CF;
					};
				};
			};
			buildConfigurationList = 142B5298194C498000C148CF /* Build configuration list for PBXProject "mbrace Case Study" */;
			compatibilityVersion = "Xcode 3.2";
			developmentRegion = English;
			hasScannedForEncodings = 0;
			knownRegions = (
				en,
				Base,
			);
			mainGroup = 142B5294194C498000C148CF;
			productRefGroup = 142B529E194C498100C148CF /* Products */;
			projectDirPath = "";
			projectRoot = "";
			targets = (
				142B529C194C498000C148CF /* mbrace Case Study */,
				142B52C0194C498100C148CF /* mbrace Case StudyTests */,
			);
		};
/* End PBXProject section */

/* Begin PBXResourcesBuildPhase section */
		142B529B194C498000C148CF /* Resources */ = {
			isa = PBXResourcesBuildPhase;
			buildActionMask = 2147483647;
			files = (
				142B52BC194C498100C148CF /* Images.xcassets in Resources */,
				142B52AB194C498100C148CF /* InfoPlist.strings in Resources */,
				142B52D9194C4D2E00C148CF /* Podfile in Resources */,
				142B52B4194C498100C148CF /* Main.storyboard in Resources */,
			);
			runOnlyForDeploymentPostprocessing = 0;
		};
		142B52BF194C498100C148CF /* Resources */ = {
			isa = PBXResourcesBuildPhase;
			buildActionMask = 2147483647;
			files = (
				142B52CD194C498100C148CF /* InfoPlist.strings in Resources */,
			);
			runOnlyForDeploymentPostprocessing = 0;
		};
/* End PBXResourcesBuildPhase section */

/* Begin PBXShellScriptBuildPhase section */
		4B2A63A2090344CA955FFBAF /* Copy Pods Resources */ = {
			isa = PBXShellScriptBuildPhase;
			buildActionMask = 2147483647;
			files = (
			);
			inputPaths = (
			);
			name = "Copy Pods Resources";
			outputPaths = (
			);
			runOnlyForDeploymentPostprocessing = 0;
			shellPath = /bin/sh;
			shellScript = "\"${SRCROOT}/mbrace Case Study/Pods/Pods-mbrace Case Study-resources.sh\"\n";
			showEnvVarsInLog = 0;
		};
		69723358A81B4F739A02704C /* Check Pods Manifest.lock */ = {
			isa = PBXShellScriptBuildPhase;
			buildActionMask = 2147483647;
			files = (
			);
			inputPaths = (
			);
			name = "Check Pods Manifest.lock";
			outputPaths = (
			);
			runOnlyForDeploymentPostprocessing = 0;
			shellPath = /bin/sh;
			shellScript = "diff \"${PODS_ROOT}/../Podfile.lock\" \"${PODS_ROOT}/Manifest.lock\" > /dev/null\nif [[ $? != 0 ]] ; then\n    cat << EOM\nerror: The sandbox is not in sync with the Podfile.lock. Run 'pod install' or update your CocoaPods installation.\nEOM\n    exit 1\nfi\n";
			showEnvVarsInLog = 0;
		};
/* End PBXShellScriptBuildPhase section */

/* Begin PBXSourcesBuildPhase section */
		142B5299194C498000C148CF /* Sources */ = {
			isa = PBXSourcesBuildPhase;
			buildActionMask = 2147483647;
			files = (
				142B52DC194C51CA00C148CF /* SKCardSelectionViewController.m in Sources */,
				142B52B1194C498100C148CF /* SKAppDelegate.m in Sources */,
				142B52AD194C498100C148CF /* main.m in Sources */,
			);
			runOnlyForDeploymentPostprocessing = 0;
		};
		142B52BD194C498100C148CF /* Sources */ = {
			isa = PBXSourcesBuildPhase;
			buildActionMask = 2147483647;
			files = (
				142B52CF194C498100C148CF /* mbrace_Case_StudyTests.m in Sources */,
			);
			runOnlyForDeploymentPostprocessing = 0;
		};
/* End PBXSourcesBuildPhase section */

/* Begin PBXTargetDependency section */
		142B52C7194C498100C148CF /* PBXTargetDependency */ = {
			isa = PBXTargetDependency;
			target = 142B529C194C498000C148CF /* mbrace Case Study */;
			targetProxy = 142B52C6194C498100C148CF /* PBXContainerItemProxy */;
		};
/* End PBXTargetDependency section */

/* Begin PBXVariantGroup section */
		142B52A9194C498100C148CF /* InfoPlist.strings */ = {
			isa = PBXVariantGroup;
			children = (
				142B52AA194C498100C148CF /* en */,
			);
			name = InfoPlist.strings;
			sourceTree = "<group>";
		};
		142B52B2194C498100C148CF /* Main.storyboard */ = {
			isa = PBXVariantGroup;
			children = (
				142B52B3194C498100C148CF /* Base */,
			);
			name = Main.storyboard;
			sourceTree = "<group>";
		};
		142B52CB194C498100C148CF /* InfoPlist.strings */ = {
			isa = PBXVariantGroup;
			children = (
				142B52CC194C498100C148CF /* en */,
			);
			name = InfoPlist.strings;
			sourceTree = "<group>";
		};
/* End PBXVariantGroup section */

/* Begin XCBuildConfiguration section */
		142B52D0194C498100C148CF /* Debug */ = {
			isa = XCBuildConfiguration;
			buildSettings = {
				ALWAYS_SEARCH_USER_PATHS = NO;
				CLANG_CXX_LANGUAGE_STANDARD = "gnu++0x";
				CLANG_CXX_LIBRARY = "libc++";
				CLANG_ENABLE_MODULES = YES;
				CLANG_ENABLE_OBJC_ARC = YES;
				CLANG_WARN_BOOL_CONVERSION = YES;
				CLANG_WARN_CONSTANT_CONVERSION = YES;
				CLANG_WARN_DIRECT_OBJC_ISA_USAGE = YES_ERROR;
				CLANG_WARN_EMPTY_BODY = YES;
				CLANG_WARN_ENUM_CONVERSION = YES;
				CLANG_WARN_INT_CONVERSION = YES;
				CLANG_WARN_OBJC_ROOT_CLASS = YES_ERROR;
				CLANG_WARN__DUPLICATE_METHOD_MATCH = YES;
				"CODE_SIGN_IDENTITY[sdk=iphoneos*]" = "iPhone Developer";
				COPY_PHASE_STRIP = NO;
				GCC_C_LANGUAGE_STANDARD = gnu99;
				GCC_DYNAMIC_NO_PIC = NO;
				GCC_OPTIMIZATION_LEVEL = 0;
				GCC_PREPROCESSOR_DEFINITIONS = (
					"DEBUG=1",
					"$(inherited)",
				);
				GCC_SYMBOLS_PRIVATE_EXTERN = NO;
				GCC_WARN_64_TO_32_BIT_CONVERSION = YES;
				GCC_WARN_ABOUT_RETURN_TYPE = YES_ERROR;
				GCC_WARN_UNDECLARED_SELECTOR = YES;
				GCC_WARN_UNINITIALIZED_AUTOS = YES_AGGRESSIVE;
				GCC_WARN_UNUSED_FUNCTION = YES;
				GCC_WARN_UNUSED_VARIABLE = YES;
				IPHONEOS_DEPLOYMENT_TARGET = 7.1;
				ONLY_ACTIVE_ARCH = YES;
				SDKROOT = iphoneos;
			};
			name = Debug;
		};
		142B52D1194C498100C148CF /* Release */ = {
			isa = XCBuildConfiguration;
			buildSettings = {
				ALWAYS_SEARCH_USER_PATHS = NO;
				CLANG_CXX_LANGUAGE_STANDARD = "gnu++0x";
				CLANG_CXX_LIBRARY = "libc++";
				CLANG_ENABLE_MODULES = YES;
				CLANG_ENABLE_OBJC_ARC = YES;
				CLANG_WARN_BOOL_CONVERSION = YES;
				CLANG_WARN_CONSTANT_CONVERSION = YES;
				CLANG_WARN_DIRECT_OBJC_ISA_USAGE = YES_ERROR;
				CLANG_WARN_EMPTY_BODY = YES;
				CLANG_WARN_ENUM_CONVERSION = YES;
				CLANG_WARN_INT_CONVERSION = YES;
				CLANG_WARN_OBJC_ROOT_CLASS = YES_ERROR;
				CLANG_WARN__DUPLICATE_METHOD_MATCH = YES;
				"CODE_SIGN_IDENTITY[sdk=iphoneos*]" = "iPhone Developer";
				COPY_PHASE_STRIP = YES;
				ENABLE_NS_ASSERTIONS = NO;
				GCC_C_LANGUAGE_STANDARD = gnu99;
				GCC_WARN_64_TO_32_BIT_CONVERSION = YES;
				GCC_WARN_ABOUT_RETURN_TYPE = YES_ERROR;
				GCC_WARN_UNDECLARED_SELECTOR = YES;
				GCC_WARN_UNINITIALIZED_AUTOS = YES_AGGRESSIVE;
				GCC_WARN_UNUSED_FUNCTION = YES;
				GCC_WARN_UNUSED_VARIABLE = YES;
				IPHONEOS_DEPLOYMENT_TARGET = 7.1;
				SDKROOT = iphoneos;
				VALIDATE_PRODUCT = YES;
			};
			name = Release;
		};
		142B52D3194C498100C148CF /* Debug */ = {
			isa = XCBuildConfiguration;
			baseConfigurationReference = 35F1703E144944539D2C4789 /* Pods-mbrace Case Study.xcconfig */;
			buildSettings = {
				ASSETCATALOG_COMPILER_APPICON_NAME = AppIcon;
				ASSETCATALOG_COMPILER_LAUNCHIMAGE_NAME = LaunchImage;
				GCC_PRECOMPILE_PREFIX_HEADER = YES;
				GCC_PREFIX_HEADER = "mbrace Case Study/mbrace Case Study-Prefix.pch";
				INFOPLIST_FILE = "mbrace Case Study/mbrace Case Study-Info.plist";
				PRODUCT_NAME = "$(TARGET_NAME)";
				WRAPPER_EXTENSION = app;
			};
			name = Debug;
		};
		142B52D4194C498100C148CF /* Release */ = {
			isa = XCBuildConfiguration;
			baseConfigurationReference = 35F1703E144944539D2C4789 /* Pods-mbrace Case Study.xcconfig */;
			buildSettings = {
				ASSETCATALOG_COMPILER_APPICON_NAME = AppIcon;
				ASSETCATALOG_COMPILER_LAUNCHIMAGE_NAME = LaunchImage;
				GCC_PRECOMPILE_PREFIX_HEADER = YES;
				GCC_PREFIX_HEADER = "mbrace Case Study/mbrace Case Study-Prefix.pch";
				INFOPLIST_FILE = "mbrace Case Study/mbrace Case Study-Info.plist";
				PRODUCT_NAME = "$(TARGET_NAME)";
				WRAPPER_EXTENSION = app;
			};
			name = Release;
		};
		142B52D6194C498100C148CF /* Debug */ = {
			isa = XCBuildConfiguration;
			buildSettings = {
				BUNDLE_LOADER = "$(BUILT_PRODUCTS_DIR)/mbrace Case Study.app/mbrace Case Study";
				FRAMEWORK_SEARCH_PATHS = (
					"$(SDKROOT)/Developer/Library/Frameworks",
					"$(inherited)",
					"$(DEVELOPER_FRAMEWORKS_DIR)",
				);
				GCC_PRECOMPILE_PREFIX_HEADER = YES;
				GCC_PREFIX_HEADER = "mbrace Case Study/mbrace Case Study-Prefix.pch";
				GCC_PREPROCESSOR_DEFINITIONS = (
					"DEBUG=1",
					"$(inherited)",
				);
				INFOPLIST_FILE = "mbrace Case StudyTests/mbrace Case StudyTests-Info.plist";
				PRODUCT_NAME = "$(TARGET_NAME)";
				TEST_HOST = "$(BUNDLE_LOADER)";
				WRAPPER_EXTENSION = xctest;
			};
			name = Debug;
		};
		142B52D7194C498100C148CF /* Release */ = {
			isa = XCBuildConfiguration;
			buildSettings = {
				BUNDLE_LOADER = "$(BUILT_PRODUCTS_DIR)/mbrace Case Study.app/mbrace Case Study";
				FRAMEWORK_SEARCH_PATHS = (
					"$(SDKROOT)/Developer/Library/Frameworks",
					"$(inherited)",
					"$(DEVELOPER_FRAMEWORKS_DIR)",
				);
				GCC_PRECOMPILE_PREFIX_HEADER = YES;
				GCC_PREFIX_HEADER = "mbrace Case Study/mbrace Case Study-Prefix.pch";
				INFOPLIST_FILE = "mbrace Case StudyTests/mbrace Case StudyTests-Info.plist";
				PRODUCT_NAME = "$(TARGET_NAME)";
				TEST_HOST = "$(BUNDLE_LOADER)";
				WRAPPER_EXTENSION = xctest;
			};
			name = Release;
		};
/* End XCBuildConfiguration section */

/* Begin XCConfigurationList section */
		142B5298194C498000C148CF /* Build configuration list for PBXProject "mbrace Case Study" */ = {
			isa = XCConfigurationList;
			buildConfigurations = (
				142B52D0194C498100C148CF /* Debug */,
				142B52D1194C498100C148CF /* Release */,
			);
			defaultConfigurationIsVisible = 0;
			defaultConfigurationName = Release;
		};
		142B52D2194C498100C148CF /* Build configuration list for PBXNativeTarget "mbrace Case Study" */ = {
			isa = XCConfigurationList;
			buildConfigurations = (
				142B52D3194C498100C148CF /* Debug */,
				142B52D4194C498100C148CF /* Release */,
			);
			defaultConfigurationIsVisible = 0;
			defaultConfigurationName = Release;
		};
		142B52D5194C498100C148CF /* Build configuration list for PBXNativeTarget "mbrace Case StudyTests" */ = {
			isa = XCConfigurationList;
			buildConfigurations = (
				142B52D6194C498100C148CF /* Debug */,
				142B52D7194C498100C148CF /* Release */,
			);
			defaultConfigurationIsVisible = 0;
			defaultConfigurationName = Release;
		};
/* End XCConfigurationList section */
	};
	rootObject = 142B5295194C498000C148CF /* Project object */;
}
